Microsoft Visual Studio Solution File, Format Version 12.00
# Visual Studio Version 17
VisualStudioVersion = 17.0.31903.59
MinimumVisualStudioVersion = 10.0.40219.1
Project("{8BC9CEB8-8B4A-11D0-8D11-00A0C91BC942}") = "wintcp", "wintcp\wintcp.vcxproj", "{B4E8C9D2-3F5A-4B6C-8D7E-9F0A1B2C3D4E}"
EndProject
Project("{8BC9CEB8-8B4A-11D0-8D11-00A0C91BC942}") = "wintcp-tests", "wintcp\tests\wintcp-tests.vcxproj", "{7C2F4A11-9D3B-4E58-A6C0-1B2D3E4F5A6B}"
EndProject
Global
	GlobalSection(SolutionConfigurationPlatforms) = preSolution
		Debug|x64 = Debug|x64
		Debug|Win32 = Debug|Win32
		Release|x64 = Release|x64
		Release|Win32 = Release|Win32
	EndGlobalSection
	GlobalSection(ProjectConfigurationPlatforms) = postSolution
		{B4E8C9D2-3F5A-4B6C-8D7E-9F0A1B2C3D4E}.Debug|x64.ActiveCfg = Debug|x64
		{B4E8C9D2-3F5A-4B6C-8D7E-9F0A1B2C3D4E}.Debug|x64.Build.0 = Debug|x64
		{B4E8C9D2-3F5A-4B6C-8D7E-9F0A1B2C3D4E}.Debug|Win32.ActiveCfg = Debug|Win32
		{B4E8C9D2-3F5A-4B6C-8D7E-9F0A1B2C3D4E}.Debug|Win32.Build.0 = Debug|Win32
		{B4E8C9D2-3F5A-4B6C-8D7E-9F0A1B2C3D4E}.Release|x64.ActiveCfg = Release|x64
		{B4E8C9D2-3F5A-4B6C-8D7E-9F0A1B2C3D4E}.Release|x64.Build.0 = Release|x64
		{B4E8C9D2-3F5A-4B6C-8D7E-9F0A1B2C3D4E}.Release|Win32.ActiveCfg = Release|Win32
		{B4E8C9D2-3F5A-4B6C-8D7E-9F0A1B2C3D4E}.Release|Win32.Build.0 = Release|Win32
		{7C2F4A11-9D3B-4E58-A6C0-1B2D3E4F5A6B}.Debug|x64.ActiveCfg = Debug|x64
		{7C2F4A11-9D3B-4E58-A6C0-1B2D3E4F5A6B}.Debug|x64.Build.0 = Debug|x64
		{7C2F4A11-9D3B-4E58-A6C0-1B2D3E4F5A6B}.Debug|Win32.ActiveCfg = Debug|Win32
		{7C2F4A11-9D3B-4E58-A6C0-1B2D3E4F5A6B}.Debug|Win32.Build.0 = Debug|Win32
		{7C2F4A11-9D3B-4E58-A6C0-1B2D3E4F5A6B}.Release|x64.ActiveCfg = Release|x64
		{7C2F4A11-9D3B-4E58-A6C0-1B2D3E4F5A6B}.Release|x64.Build.0 = Release|x64
		{7C2F4A11-9D3B-4E58-A6C0-1B2D3E4F5A6B}.Release|Win32.ActiveCfg = Release|Win32
		{7C2F4A11-9D3B-4E58-A6C0-1B2D3E4F5A6B}.Release|Win32.Build.0 = Release|Win32
	EndGlobalSection
	GlobalSection(SolutionProperties) = preSolution
		HideSolutionNode = FALSE
	EndGlobalSection
	GlobalSection(ExtensibilityGlobals) = postSolution
		SolutionGuid = {C1D2E3F4-5A6B-4C7D-8E9F-0A1B2C3D4E5F}
	EndGlobalSection
EndGlobal
